
Microsoft Visual Studio Solution File, Format Version 12.00
# Visual Studio 14
VisualStudioVersion = 14.0.25420.1
MinimumVisualStudioVersion = 10.0.40219.1
Project("{FAE04EC0-301F-11D3-BF4B-00C04F79EFBC}") = "APPHostal", "APPHostal\APPHostal.csproj", "{EDA5B519-5F3D-43C2-BEB8-FBCF669C71DC}"
EndProject
Project("{FAE04EC0-301F-11D3-BF4B-00C04F79EFBC}") = "DAO", "DAO\DAO.csproj", "{E899B9AA-BCBF-41D9-9405-134E96A5D482}"
EndProject
Project("{FAE04EC0-301F-11D3-BF4B-00C04F79EFBC}") = "Biblioteca", "Biblioteca\Biblioteca.csproj", "{85A32177-710E-4970-98DA-2951EC0428F2}"
EndProject
Global
	GlobalSection(SolutionConfigurationPlatforms) = preSolution
		Debug|Any CPU = Debug|Any CPU
		Debug|x86 = Debug|x86
		Release|Any CPU = Release|Any CPU
		Release|x86 = Release|x86
	EndGlobalSection
	GlobalSection(ProjectConfigurationPlatforms) = postSolution
		{EDA5B519-5F3D-43C2-BEB8-FBCF669C71DC}.Debug|Any CPU.ActiveCfg = Debug|Any CPU
		{EDA5B519-5F3D-43C2-BEB8-FBCF669C71DC}.Debug|Any CPU.Build.0 = Debug|Any CPU
		{EDA5B519-5F3D-43C2-BEB8-FBCF669C71DC}.Debug|Any CPU.Deploy.0 = Debug|Any CPU
		{EDA5B519-5F3D-43C2-BEB8-FBCF669C71DC}.Debug|x86.ActiveCfg = Debug|x86
		{EDA5B519-5F3D-43C2-BEB8-FBCF669C71DC}.Debug|x86.Build.0 = Debug|x86
		{EDA5B519-5F3D-43C2-BEB8-FBCF669C71DC}.Debug|x86.Deploy.0 = Debug|x86
		{EDA5B519-5F3D-43C2-BEB8-FBCF669C71DC}.Release|Any CPU.ActiveCfg = Release|Any CPU
		{EDA5B519-5F3D-43C2-BEB8-FBCF669C71DC}.Release|Any CPU.Build.0 = Release|Any CPU
		{EDA5B519-5F3D-43C2-BEB8-FBCF669C71DC}.Release|x86.ActiveCfg = Release|x86
		{EDA5B519-5F3D-43C2-BEB8-FBCF669C71DC}.Release|x86.Build.0 = Release|x86
		{E899B9AA-BCBF-41D9-9405-134E96A5D482}.Debug|Any CPU.ActiveCfg = Debug|Any CPU
		{E899B9AA-BCBF-41D9-9405-134E96A5D482}.Debug|Any CPU.Build.0 = Debug|Any CPU
		{E899B9AA-BCBF-41D9-9405-134E96A5D482}.Debug|x86.ActiveCfg = Debug|Any CPU
		{E899B9AA-BCBF-41D9-9405-134E96A5D482}.Debug|x86.Build.0 = Debug|Any CPU
		{E899B9AA-BCBF-41D9-9405-134E96A5D482}.Release|Any CPU.ActiveCfg = Release|Any CPU
		{E899B9AA-BCBF-41D9-9405-134E96A5D482}.Release|Any CPU.Build.0 = Release|Any CPU
		{E899B9AA-BCBF-41D9-9405-134E96A5D482}.Release|x86.ActiveCfg = Release|Any CPU
		{E899B9AA-BCBF-41D9-9405-134E96A5D482}.Release|x86.Build.0 = Release|Any CPU
		{85A32177-710E-4970-98DA-2951EC0428F2}.Debug|Any CPU.ActiveCfg = Debug|Any CPU
		{85A32177-710E-4970-98DA-2951EC0428F2}.Debug|Any CPU.Build.0 = Debug|Any CPU
		{85A32177-710E-4970-98DA-2951EC0428F2}.Debug|x86.ActiveCfg = Debug|Any CPU
		{85A32177-710E-4970-98DA-2951EC0428F2}.Debug|x86.Build.0 = Debug|Any CPU
		{85A32177-710E-4970-98DA-2951EC0428F2}.Release|Any CPU.ActiveCfg = Release|Any CPU
		{85A32177-710E-4970-98DA-2951EC0428F2}.Release|Any CPU.Build.0 = Release|Any CPU
		{85A32177-710E-4970-98DA-2951EC0428F2}.Release|x86.ActiveCfg = Release|Any CPU
		{85A32177-710E-4970-98DA-2951EC0428F2}.Release|x86.Build.0 = Release|Any CPU
	EndGlobalSection
	GlobalSection(SolutionProperties) = preSolution
		HideSolutionNode = FALSE
	EndGlobalSection
EndGlobal
